Microsoft Visual Studio Solution File, Format Version 12.00
# Visual Studio Version 17
VisualStudioVersion = 17.5.2.0
MinimumVisualStudioVersion = 10.0.40219.1
Project("{FAE04EC0-301F-11D3-BF4B-00C04F79EFBC}") = "ocean-fleet", "ocean-fleet.csproj", "{7DF47343-7328-DBB4-82D5-64E86066516D}"
EndProject
Global
	GlobalSection(SolutionConfigurationPlatforms) = preSolution
		Debug|Any CPU = Debug|Any CPU
		Release|Any CPU = Release|Any CPU
	EndGlobalSection
	GlobalSection(ProjectConfigurationPlatforms) = postSolution
		{7DF47343-7328-DBB4-82D5-64E86066516D}.Debug|Any CPU.ActiveCfg = Debug|Any CPU
		{7DF47343-7328-DBB4-82D5-64E86066516D}.Debug|Any CPU.Build.0 = Debug|Any CPU
		{7DF47343-7328-DBB4-82D5-64E86066516D}.Release|Any CPU.ActiveCfg = Release|Any CPU
		{7DF47343-7328-DBB4-82D5-64E86066516D}.Release|Any CPU.Build.0 = Release|Any CPU
	EndGlobalSection
	GlobalSection(SolutionProperties) = preSolution
		HideSolutionNode = FALSE
	EndGlobalSection
	GlobalSection(ExtensibilityGlobals) = postSolution
		SolutionGuid = {B395C1FF-2096-4AD5-A808-076524826A1A}
	EndGlobalSection
EndGlobal
